{
  "name": "libflattree",
  "lockfileVersion": 3,
  "requires": true,
  "packages": {
    "": {
      "name": "libflattree",
      "license": "Apache-2.0",
      "devDependencies": {
        "cmake-fetch": "^1.0.0"
      }
    },
    "node_modules/cmake-fetch": {
      "version": "1.5.1",
      "resolved": "https://registry.npmjs.org/cmake-fetch/-/cmake-fetch-1.5.1.tgz",
      "integrity": "sha512-A6P0gp1sFSjFfJQR32xnvneHVcGmyBatseQrxsf+U/F1b+2MpS5kgxSPQmTOuNqjNSr7eFlQqyXlc3d3Mu3a8g==",
      "dev": true,
      "license": "Apache-2.0"
    }
  }
}
